
Microsoft Visual Studio Solution File, Format Version 12.00
# Visual Studio Version 17
VisualStudioVersion = 17.4.33103.184
MinimumVisualStudioVersion = 10.0.40219.1
Project("{FAE04EC0-301F-11D3-BF4B-00C04F79EFBC}") = "ASPNET", "ASPNET\ASPNET.csproj", "{1109F9E2-C5DE-4958-98BF-D83C9FE2955B}"
EndProject
Global
	GlobalSection(SolutionConfigurationPlatforms) = preSolution
		Debug|Any CPU = Debug|Any CPU
		Release|Any CPU = Release|Any CPU
	EndGlobalSection
	GlobalSection(ProjectConfigurationPlatforms) = postSolution
		{1109F9E2-C5DE-4958-98BF-D83C9FE2955B}.Debug|Any CPU.ActiveCfg = Debug|Any CPU
		{1109F9E2-C5DE-4958-98BF-D83C9FE2955B}.Debug|Any CPU.Build.0 = Debug|Any CPU
		{1109F9E2-C5DE-4958-98BF-D83C9FE2955B}.Release|Any CPU.ActiveCfg = Release|Any CPU
		{1109F9E2-C5DE-4958-98BF-D83C9FE2955B}.Release|Any CPU.Build.0 = Release|Any CPU
	EndGlobalSection
	GlobalSection(SolutionProperties) = preSolution
		HideSolutionNode = FALSE
	EndGlobalSection
	GlobalSection(ExtensibilityGlobals) = postSolution
		SolutionGuid = {6DEAE1BE-1568-48D8-A3EB-2A13D0B501B3}
	EndGlobalSection
EndGlobal
